
Microsoft Visual Studio Solution File, Format Version 12.00
# Visual Studio 15
VisualStudioVersion = 15.0.27703.2047
MinimumVisualStudioVersion = 10.0.40219.1
Project("{FAE04EC0-301F-11D3-BF4B-00C04F79EFBC}") = "AlgorithmTests", "AlgorithmTests\AlgorithmTests.csproj", "{4667D29D-5F6B-41C6-AD71-E80103CAB32E}"
EndProject
Project("{FAE04EC0-301F-11D3-BF4B-00C04F79EFBC}") = "Algorithms", "Algorithms\Algorithms.csproj", "{5ED2EFE0-355B-45F0-815A-3174F3A39789}"
EndProject
Project("{FAE04EC0-301F-11D3-BF4B-00C04F79EFBC}") = "UnitTest", "UnitTest\UnitTest.csproj", "{FB3DE093-5CCB-424E-87FB-4CF97317AD9B}"
EndProject
Global
	GlobalSection(SolutionConfigurationPlatforms) = preSolution
		Debug|Any CPU = Debug|Any CPU
		Release|Any CPU = Release|Any CPU
	EndGlobalSection
	GlobalSection(ProjectConfigurationPlatforms) = postSolution
		{4667D29D-5F6B-41C6-AD71-E80103CAB32E}.Debug|Any CPU.ActiveCfg = Debug|Any CPU
		{4667D29D-5F6B-41C6-AD71-E80103CAB32E}.Debug|Any CPU.Build.0 = Debug|Any CPU
		{4667D29D-5F6B-41C6-AD71-E80103CAB32E}.Release|Any CPU.ActiveCfg = Release|Any CPU
		{4667D29D-5F6B-41C6-AD71-E80103CAB32E}.Release|Any CPU.Build.0 = Release|Any CPU
		{5ED2EFE0-355B-45F0-815A-3174F3A39789}.Debug|Any CPU.ActiveCfg = Debug|Any CPU
		{5ED2EFE0-355B-45F0-815A-3174F3A39789}.Debug|Any CPU.Build.0 = Debug|Any CPU
		{5ED2EFE0-355B-45F0-815A-3174F3A39789}.Release|Any CPU.ActiveCfg = Release|Any CPU
		{5ED2EFE0-355B-45F0-815A-3174F3A39789}.Release|Any CPU.Build.0 = Release|Any CPU
		{FB3DE093-5CCB-424E-87FB-4CF97317AD9B}.Debug|Any CPU.ActiveCfg = Debug|Any CPU
		{FB3DE093-5CCB-424E-87FB-4CF97317AD9B}.Debug|Any CPU.Build.0 = Debug|Any CPU
		{FB3DE093-5CCB-424E-87FB-4CF97317AD9B}.Release|Any CPU.ActiveCfg = Release|Any CPU
		{FB3DE093-5CCB-424E-87FB-4CF97317AD9B}.Release|Any CPU.Build.0 = Release|Any CPU
	EndGlobalSection
	GlobalSection(SolutionProperties) = preSolution
		HideSolutionNode = FALSE
	EndGlobalSection
	GlobalSection(ExtensibilityGlobals) = postSolution
		SolutionGuid = {152A9B52-1FB3-4A34-A35D-EF9C4C57E101}
	EndGlobalSection
EndGlobal
